
Microsoft Visual Studio Solution File, Format Version 12.00
# Visual Studio Version 17
VisualStudioVersion = 17.5.33627.172
MinimumVisualStudioVersion = 10.0.40219.1
Project("{FAE04EC0-301F-11D3-BF4B-00C04F79EFBC}") = "Repository.Json", "Repository.Json\Repository.Json.csproj", "{ECC11635-DB02-41B7-B760-04CD9862FEBF}"
EndProject
Project("{FAE04EC0-301F-11D3-BF4B-00C04F79EFBC}") = "Domain", "Domain\Domain.csproj", "{8D7A7501-8FE2-4578-A927-1767366013B7}"
EndProject
Project("{FAE04EC0-301F-11D3-BF4B-00C04F79EFBC}") = "Application", "Application\Application.csproj", "{421E7C71-D30B-4338-BDA9-55C8D8E6A877}"
EndProject
Project("{FAE04EC0-301F-11D3-BF4B-00C04F79EFBC}") = "JsonFile.Repository", "JsonFile.Repository\JsonFile.Repository.csproj", "{86C521D4-7EEF-4CBC-9523-59981E8EAEE7}"
EndProject
Project("{FAE04EC0-301F-11D3-BF4B-00C04F79EFBC}") = "EntityFramework.Repository", "EntityFramework.Repository\EntityFramework.Repository.csproj", "{0425B4A5-F56D-4309-BBF6-AA740B2395DE}"
EndProject
Project("{FAE04EC0-301F-11D3-BF4B-00C04F79EFBC}") = "Api", "Api\Api.csproj", "{9210F626-9584-40A1-A654-F641226158FB}"
EndProject
Global
	GlobalSection(SolutionConfigurationPlatforms) = preSolution
		Debug|Any CPU = Debug|Any CPU
		Debug|x64 = Debug|x64
		Debug|x86 = Debug|x86
		Release|Any CPU = Release|Any CPU
		Release|x64 = Release|x64
		Release|x86 = Release|x86
	EndGlobalSection
	GlobalSection(ProjectConfigurationPlatforms) = postSolution
		{ECC11635-DB02-41B7-B760-04CD9862FEBF}.Debug|Any CPU.ActiveCfg = Debug|Any CPU
		{ECC11635-DB02-41B7-B760-04CD9862FEBF}.Debug|Any CPU.Build.0 = Debug|Any CPU
		{ECC11635-DB02-41B7-B760-04CD9862FEBF}.Debug|x64.ActiveCfg = Debug|Any CPU
		{ECC11635-DB02-41B7-B760-04CD9862FEBF}.Debug|x64.Build.0 = Debug|Any CPU
		{ECC11635-DB02-41B7-B760-04CD9862FEBF}.Debug|x86.ActiveCfg = Debug|Any CPU
		{ECC11635-DB02-41B7-B760-04CD9862FEBF}.Debug|x86.Build.0 = Debug|Any CPU
		{ECC11635-DB02-41B7-B760-04CD9862FEBF}.Release|Any CPU.ActiveCfg = Release|Any CPU
		{ECC11635-DB02-41B7-B760-04CD9862FEBF}.Release|Any CPU.Build.0 = Release|Any CPU
		{ECC11635-DB02-41B7-B760-04CD9862FEBF}.Release|x64.ActiveCfg = Release|Any CPU
		{ECC11635-DB02-41B7-B760-04CD9862FEBF}.Release|x64.Build.0 = Release|Any CPU
		{ECC11635-DB02-41B7-B760-04CD9862FEBF}.Release|x86.ActiveCfg = Release|Any CPU
		{ECC11635-DB02-41B7-B760-04CD9862FEBF}.Release|x86.Build.0 = Release|Any CPU
		{8D7A7501-8FE2-4578-A927-1767366013B7}.Debug|Any CPU.ActiveCfg = Debug|Any CPU
		{8D7A7501-8FE2-4578-A927-1767366013B7}.Debug|Any CPU.Build.0 = Debug|Any CPU
		{8D7A7501-8FE2-4578-A927-1767366013B7}.Debug|x64.ActiveCfg = Debug|Any CPU
		{8D7A7501-8FE2-4578-A927-1767366013B7}.Debug|x64.Build.0 = Debug|Any CPU
		{8D7A7501-8FE2-4578-A927-1767366013B7}.Debug|x86.ActiveCfg = Debug|Any CPU
		{8D7A7501-8FE2-4578-A927-1767366013B7}.Debug|x86.Build.0 = Debug|Any CPU
		{8D7A7501-8FE2-4578-A927-1767366013B7}.Release|Any CPU.ActiveCfg = Release|Any CPU
		{8D7A7501-8FE2-4578-A927-1767366013B7}.Release|Any CPU.Build.0 = Release|Any CPU
		{8D7A7501-8FE2-4578-A927-1767366013B7}.Release|x64.ActiveCfg = Release|Any CPU
		{8D7A7501-8FE2-4578-A927-1767366013B7}.Release|x64.Build.0 = Release|Any CPU
		{8D7A7501-8FE2-4578-A927-1767366013B7}.Release|x86.ActiveCfg = Release|Any CPU
		{8D7A7501-8FE2-4578-A927-1767366013B7}.Release|x86.Build.0 = Release|Any CPU
		{421E7C71-D30B-4338-BDA9-55C8D8E6A877}.Debug|Any CPU.ActiveCfg = Debug|Any CPU
		{421E7C71-D30B-4338-BDA9-55C8D8E6A877}.Debug|Any CPU.Build.0 = Debug|Any CPU
		{421E7C71-D30B-4338-BDA9-55C8D8E6A877}.Debug|x64.ActiveCfg = Debug|Any CPU
		{421E7C71-D30B-4338-BDA9-55C8D8E6A877}.Debug|x64.Build.0 = Debug|Any CPU
		{421E7C71-D30B-4338-BDA9-55C8D8E6A877}.Debug|x86.ActiveCfg = Debug|Any CPU
		{421E7C71-D30B-4338-BDA9-55C8D8E6A877}.Debug|x86.Build.0 = Debug|Any CPU
		{421E7C71-D30B-4338-BDA9-55C8D8E6A877}.Release|Any CPU.ActiveCfg = Release|Any CPU
		{421E7C71-D30B-4338-BDA9-55C8D8E6A877}.Release|Any CPU.Build.0 = Release|Any CPU
		{421E7C71-D30B-4338-BDA9-55C8D8E6A877}.Release|x64.ActiveCfg = Release|Any CPU
		{421E7C71-D30B-4338-BDA9-55C8D8E6A877}.Release|x64.Build.0 = Release|Any CPU
		{421E7C71-D30B-4338-BDA9-55C8D8E6A877}.Release|x86.ActiveCfg = Release|Any CPU
		{421E7C71-D30B-4338-BDA9-55C8D8E6A877}.Release|x86.Build.0 = Release|Any CPU
		{86C521D4-7EEF-4CBC-9523-59981E8EAEE7}.Debug|Any CPU.ActiveCfg = Debug|Any CPU
		{86C521D4-7EEF-4CBC-9523-59981E8EAEE7}.Debug|Any CPU.Build.0 = Debug|Any CPU
		{86C521D4-7EEF-4CBC-9523-59981E8EAEE7}.Debug|x64.ActiveCfg = Debug|Any CPU
		{86C521D4-7EEF-4CBC-9523-59981E8EAEE7}.Debug|x64.Build.0 = Debug|Any CPU
		{86C521D4-7EEF-4CBC-9523-59981E8EAEE7}.Debug|x86.ActiveCfg = Debug|Any CPU
		{86C521D4-7EEF-4CBC-9523-59981E8EAEE7}.Debug|x86.Build.0 = Debug|Any CPU
		{86C521D4-7EEF-4CBC-9523-59981E8EAEE7}.Release|Any CPU.ActiveCfg = Release|Any CPU
		{86C521D4-7EEF-4CBC-9523-59981E8EAEE7}.Release|Any CPU.Build.0 = Release|Any CPU
		{86C521D4-7EEF-4CBC-9523-59981E8EAEE7}.Release|x64.ActiveCfg = Release|Any CPU
		{86C521D4-7EEF-4CBC-9523-59981E8EAEE7}.Release|x64.Build.0 = Release|Any CPU
		{86C521D4-7EEF-4CBC-9523-59981E8EAEE7}.Release|x86.ActiveCfg = Release|Any CPU
		{86C521D4-7EEF-4CBC-9523-59981E8EAEE7}.Release|x86.Build.0 = Release|Any CPU
		{0425B4A5-F56D-4309-BBF6-AA740B2395DE}.Debug|Any CPU.ActiveCfg = Debug|Any CPU
		{0425B4A5-F56D-4309-BBF6-AA740B2395DE}.Debug|Any CPU.Build.0 = Debug|Any CPU
		{0425B4A5-F56D-4309-BBF6-AA740B2395DE}.Debug|x64.ActiveCfg = Debug|Any CPU
		{0425B4A5-F56D-4309-BBF6-AA740B2395DE}.Debug|x64.Build.0 = Debug|Any CPU
		{0425B4A5-F56D-4309-BBF6-AA740B2395DE}.Debug|x86.ActiveCfg = Debug|Any CPU
		{0425B4A5-F56D-4309-BBF6-AA740B2395DE}.Debug|x86.Build.0 = Debug|Any CPU
		{0425B4A5-F56D-4309-BBF6-AA740B2395DE}.Release|Any CPU.ActiveCfg = Release|Any CPU
		{0425B4A5-F56D-4309-BBF6-AA740B2395DE}.Release|Any CPU.Build.0 = Release|Any CPU
		{0425B4A5-F56D-4309-BBF6-AA740B2395DE}.Release|x64.ActiveCfg = Release|Any CPU
		{0425B4A5-F56D-4309-BBF6-AA740B2395DE}.Release|x64.Build.0 = Release|Any CPU
		{0425B4A5-F56D-4309-BBF6-AA740B2395DE}.Release|x86.ActiveCfg = Release|Any CPU
		{0425B4A5-F56D-4309-BBF6-AA740B2395DE}.Release|x86.Build.0 = Release|Any CPU
		{9210F626-9584-40A1-A654-F641226158FB}.Debug|Any CPU.ActiveCfg = Debug|Any CPU
		{9210F626-9584-40A1-A654-F641226158FB}.Debug|Any CPU.Build.0 = Debug|Any CPU
		{9210F626-9584-40A1-A654-F641226158FB}.Debug|x64.ActiveCfg = Debug|Any CPU
		{9210F626-9584-40A1-A654-F641226158FB}.Debug|x64.Build.0 = Debug|Any CPU
		{9210F626-9584-40A1-A654-F641226158FB}.Debug|x86.ActiveCfg = Debug|Any CPU
		{9210F626-9584-40A1-A654-F641226158FB}.Debug|x86.Build.0 = Debug|Any CPU
		{9210F626-9584-40A1-A654-F641226158FB}.Release|Any CPU.ActiveCfg = Release|Any CPU
		{9210F626-9584-40A1-A654-F641226158FB}.Release|Any CPU.Build.0 = Release|Any CPU
		{9210F626-9584-40A1-A654-F641226158FB}.Release|x64.ActiveCfg = Release|Any CPU
		{9210F626-9584-40A1-A654-F641226158FB}.Release|x64.Build.0 = Release|Any CPU
		{9210F626-9584-40A1-A654-F641226158FB}.Release|x86.ActiveCfg = Release|Any CPU
		{9210F626-9584-40A1-A654-F641226158FB}.Release|x86.Build.0 = Release|Any CPU
	EndGlobalSection
	GlobalSection(SolutionProperties) = preSolution
		HideSolutionNode = FALSE
	EndGlobalSection
	GlobalSection(ExtensibilityGlobals) = postSolution
		SolutionGuid = {F14132F8-48B0-4418-A7B3-736E31805842}
	EndGlobalSection
EndGlobal
